
Microsoft Visual Studio Solution File, Format Version 12.00
# Visual Studio 15
VisualStudioVersion = 15.0.28010.2048
MinimumVisualStudioVersion = 10.0.40219.1
Project("{FAE04EC0-301F-11D3-BF4B-00C04F79EFBC}") = "GitGyak2", "GitGyak2\GitGyak2.csproj", "{4624AB85-6A29-403D-84D7-C80A3E48739B}"
EndProject
Global
	GlobalSection(SolutionConfigurationPlatforms) = preSolution
		Debug|Any CPU = Debug|Any CPU
		Release|Any CPU = Release|Any CPU
	EndGlobalSection
	GlobalSection(ProjectConfigurationPlatforms) = postSolution
		{4624AB85-6A29-403D-84D7-C80A3E48739B}.Debug|Any CPU.ActiveCfg = Debug|Any CPU
		{4624AB85-6A29-403D-84D7-C80A3E48739B}.Debug|Any CPU.Build.0 = Debug|Any CPU
		{4624AB85-6A29-403D-84D7-C80A3E48739B}.Release|Any CPU.ActiveCfg = Release|Any CPU
		{4624AB85-6A29-403D-84D7-C80A3E48739B}.Release|Any CPU.Build.0 = Release|Any CPU
	EndGlobalSection
	GlobalSection(SolutionProperties) = preSolution
		HideSolutionNode = FALSE
	EndGlobalSection
	GlobalSection(ExtensibilityGlobals) = postSolution
		SolutionGuid = {D58A9CB0-F19F-43AB-BE9B-6E0E417DA277}
	EndGlobalSection
EndGlobal
